// !$*UTF8*$!
{
	archiveVersion = 1;
	classes = {
	};
	objectVersion = 46;
	objects = {

/* Begin PBXBuildFile section */
		D94951481A34D9BC00A5429B /* main.swift in Sources */ = {isa = PBXBuildFile; fileRef = D94951471A34D9BC00A5429B /* main.swift */; };
		D94951501A34DC9100A5429B /* Mastermind.swift in Sources */ = {isa = PBXBuildFile; fileRef = D949514F1A34DC9100A5429B /* Mastermind.swift */; };
		D94951521A34DCC700A5429B /* Player.swift in Sources */ = {isa = PBXBuildFile; fileRef = D94951511A34DCC700A5429B /* Player.swift */; };
		D94951541A34DD3D00A5429B /* HumanPlayer.swift in Sources */ = {isa = PBXBuildFile; fileRef = D94951531A34DD3D00A5429B /* HumanPlayer.swift */; };
		D94951561A34E2D100A5429B /* ComputerPlayer.swift in Sources */ = {isa = PBXBuildFile; fileRef = D94951551A34E2D100A5429B /* ComputerPlayer.swift */; };
		D94951581A34E33000A5429B /* GameBoard.swift in Sources */ = {isa = PBXBuildFile; fileRef = D94951571A34E33000A5429B /* GameBoard.swift */; };
/* End PBXBuildFile section */

/* Begin PBXCopyFilesBuildPhase section */
		D94951421A34D9BC00A5429B /* CopyFiles */ = {
			isa = PBXCopyFilesBuildPhase;
			buildActionMask = 2147483647;
			dstPath = /usr/share/man/man1/;
			dstSubfolderSpec = 0;
			files = (
			);
			runOnlyForDeploymentPostprocessing = 1;
		};
/* End PBXCopyFilesBuildPhase section */

/* Begin PBXFileReference section */
		D94951441A34D9BC00A5429B /* Mastermind */ = {isa = PBXFileReference; explicitFileType = "compiled.mach-o.executable"; includeInIndex = 0; path = Mastermind; sourceTree = BUILT_PRODUCTS_DIR; };
		D94951471A34D9BC00A5429B /* main.swift */ = {isa = PBXFileReference; lastKnownFileType = sourcecode.swift; path = main.swift; sourceTree = "<group>"; };
		D949514F1A34DC9100A5429B /* Mastermind.swift */ = {isa = PBXFileReference; fileEncoding = 4; lastKnownFileType = sourcecode.swift; path = Mastermind.swift; sourceTree = "<group>"; };
		D94951511A34DCC700A5429B /* Player.swift */ = {isa = PBXFileReference; fileEncoding = 4; lastKnownFileType = sourcecode.swift; path = Player.swift; sourceTree = "<group>"; };
		D94951531A34DD3D00A5429B /* HumanPlayer.swift */ = {isa = PBXFileReference; fileEncoding = 4; lastKnownFileType = sourcecode.swift; path = HumanPlayer.swift; sourceTree = "<group>"; };
		D94951551A34E2D100A5429B /* ComputerPlayer.swift */ = {isa = PBXFileReference; fileEncoding = 4; lastKnownFileType = sourcecode.swift; path = ComputerPlayer.swift; sourceTree = "<group>"; };
		D94951571A34E33000A5429B /* GameBoard.swift */ = {isa = PBXFileReference; fileEncoding = 4; lastKnownFileType = sourcecode.swift; path = GameBoard.swift; sourceTree = "<group>"; };
/* End PBXFileReference section */

/* Begin PBXFrameworksBuildPhase section */
		D94951411A34D9BC00A5429B /* Frameworks */ = {
			isa = PBXFrameworksBuildPhase;
			buildActionMask = 2147483647;
			files = (
			);
			runOnlyForDeploymentPostprocessing = 0;
		};
/* End PBXFrameworksBuildPhase section */

/* Begin PBXGroup section */
		D949513B1A34D9BB00A5429B = {
			isa = PBXGroup;
			children = (
				D94951461A34D9BC00A5429B /* Mastermind */,
				D94951451A34D9BC00A5429B /* Products */,
			);
			sourceTree = "<group>";
		};
		D94951451A34D9BC00A5429B /* Products */ = {
			isa = PBXGroup;
			children = (
				D94951441A34D9BC00A5429B /* Mastermind */,
			);
			name = Products;
			sourceTree = "<group>";
		};
		D94951461A34D9BC00A5429B /* Mastermind */ = {
			isa = PBXGroup;
			children = (
				D94951471A34D9BC00A5429B /* main.swift */,
				D949514E1A34DC6900A5429B /* Model */,
			);
			path = Mastermind;
			sourceTree = "<group>";
		};
		D949514E1A34DC6900A5429B /* Model */ = {
			isa = PBXGroup;
			children = (
				D949514F1A34DC9100A5429B /* Mastermind.swift */,
				D94951511A34DCC700A5429B /* Player.swift */,
				D94951531A34DD3D00A5429B /* HumanPlayer.swift */,
				D94951551A34E2D100A5429B /* ComputerPlayer.swift */,
				D94951571A34E33000A5429B /* GameBoard.swift */,
			);
			name = Model;
			sourceTree = "<group>";
		};
/* End PBXGroup section */

/* Begin PBXNativeTarget section */
		D94951431A34D9BC00A5429B /* Mastermind */ = {
			isa = PBXNativeTarget;
			buildConfigurationList = D949514B1A34D9BC00A5429B /* Build configuration list for PBXNativeTarget "Mastermind" */;
			buildPhases = (
				D94951401A34D9BC00A5429B /* Sources */,
				D94951411A34D9BC00A5429B /* Frameworks */,
				D94951421A34D9BC00A5429B /* CopyFiles */,
			);
			buildRules = (
			);
			dependencies = (
			);
			name = Mastermind;
			productName = Mastermind;
			productReference = D94951441A34D9BC00A5429B /* Mastermind */;
			productType = "com.apple.product-type.tool";
		};
/* End PBXNativeTarget section */

/* Begin PBXProject section */
		D949513C1A34D9BB00A5429B /* Project object */ = {
			isa = PBXProject;
			attributes = {
				LastUpgradeCheck = 0610;
				ORGANIZATIONNAME = "Ryan Bird";
				TargetAttributes = {
					D94951431A34D9BC00A5429B = {
						CreatedOnToolsVersion = 6.1.1;
					};
				};
			};
			buildConfigurationList = D949513F1A34D9BB00A5429B /* Build configuration list for PBXProject "Mastermind" */;
			compatibilityVersion = "Xcode 3.2";
			developmentRegion = English;
			hasScannedForEncodings = 0;
			knownRegions = (
				en,
			);
			mainGroup = D949513B1A34D9BB00A5429B;
			productRefGroup = D94951451A34D9BC00A5429B /* Products */;
			projectDirPath = "";
			projectRoot = "";
			targets = (
				D94951431A34D9BC00A5429B /* Mastermind */,
			);
		};
/* End PBXProject section */

/* Begin PBXSourcesBuildPhase section */
		D94951401A34D9BC00A5429B /* Sources */ = {
			isa = PBXSourcesBuildPhase;
			buildActionMask = 2147483647;
			files = (
				D94951481A34D9BC00A5429B /* main.swift in Sources */,
				D94951521A34DCC700A5429B /* Player.swift in Sources */,
				D94951581A34E33000A5429B /* GameBoard.swift in Sources */,
				D94951561A34E2D100A5429B /* ComputerPlayer.swift in Sources */,
				D94951541A34DD3D00A5429B /* HumanPlayer.swift in Sources */,
				D94951501A34DC9100A5429B /* Mastermind.swift in Sources */,
			);
			runOnlyForDeploymentPostprocessing = 0;
		};
/* End PBXSourcesBuildPhase section */

/* Begin XCBuildConfiguration section */
		D94951491A34D9BC00A5429B /* Debug */ = {
			isa = XCBuildConfiguration;
			buildSettings = {
				ALWAYS_SEARCH_USER_PATHS = NO;
				CLANG_CXX_LANGUAGE_STANDARD = "gnu++0x";
				CLANG_CXX_LIBRARY = "libc++";
				CLANG_ENABLE_MODULES = YES;
				CLANG_ENABLE_OBJC_ARC = YES;
				CLANG_WARN_BOOL_CONVERSION = YES;
				CLANG_WARN_CONSTANT_CONVERSION = YES;
				CLANG_WARN_DIRECT_OBJC_ISA_USAGE = YES_ERROR;
				CLANG_WARN_EMPTY_BODY = YES;
				CLANG_WARN_ENUM_CONVERSION = YES;
				CLANG_WARN_INT_CONVERSION = YES;
				CLANG_WARN_OBJC_ROOT_CLASS = YES_ERROR;
				CLANG_WARN_UNREACHABLE_CODE = YES;
				CLANG_WARN__DUPLICATE_METHOD_MATCH = YES;
				COPY_PHASE_STRIP = NO;
				ENABLE_STRICT_OBJC_MSGSEND = YES;
				GCC_C_LANGUAGE_STANDARD = gnu99;
				GCC_DYNAMIC_NO_PIC = NO;
				GCC_OPTIMIZATION_LEVEL = 0;
				GCC_PREPROCESSOR_DEFINITIONS = (
					"DEBUG=1",
					"$(inherited)",
				);
				GCC_SYMBOLS_PRIVATE_EXTERN = NO;
				GCC_WARN_64_TO_32_BIT_CONVERSION = YES;
				GCC_WARN_ABOUT_RETURN_TYPE = YES_ERROR;
				GCC_WARN_UNDECLARED_SELECTOR = YES;
				GCC_WARN_UNINITIALIZED_AUTOS = YES_AGGRESSIVE;
				GCC_WARN_UNUSED_FUNCTION = YES;
				GCC_WARN_UNUSED_VARIABLE = YES;
				MACOSX_DEPLOYMENT_TARGET = 10.9;
				MTL_ENABLE_DEBUG_INFO = YES;
				ONLY_ACTIVE_ARCH = YES;
				SDKROOT = macosx;
				SWIFT_OPTIMIZATION_LEVEL = "-Onone";
			};
			name = Debug;
		};
		D949514A1A34D9BC00A5429B /* Release */ = {
			isa = XCBuildConfiguration;
			buildSettings = {
				ALWAYS_SEARCH_USER_PATHS = NO;
				CLANG_CXX_LANGUAGE_STANDARD = "gnu++0x";
				CLANG_CXX_LIBRARY = "libc++";
				CLANG_ENABLE_MODULES = YES;
				CLANG_ENABLE_OBJC_ARC = YES;
				CLANG_WARN_BOOL_CONVERSION = YES;
				CLANG_WARN_CONSTANT_CONVERSION = YES;
				CLANG_WARN_DIRECT_OBJC_ISA_USAGE = YES_ERROR;
				CLANG_WARN_EMPTY_BODY = YES;
				CLANG_WARN_ENUM_CONVERSION = YES;
				CLANG_WARN_INT_CONVERSION = YES;
				CLANG_WARN_OBJC_ROOT_CLASS = YES_ERROR;
				CLANG_WARN_UNREACHABLE_CODE = YES;
				CLANG_WARN__DUPLICATE_METHOD_MATCH = YES;
				COPY_PHASE_STRIP = YES;
				DEBUG_INFORMATION_FORMAT = "dwarf-with-dsym";
				ENABLE_NS_ASSERTIONS = NO;
				ENABLE_STRICT_OBJC_MSGSEND = YES;
				GCC_C_LANGUAGE_STANDARD = gnu99;
				GCC_WARN_64_TO_32_BIT_CONVERSION = YES;
				GCC_WARN_ABOUT_RETURN_TYPE = YES_ERROR;
				GCC_WARN_UNDECLARED_SELECTOR = YES;
				GCC_WARN_UNINITIALIZED_AUTOS = YES_AGGRESSIVE;
				GCC_WARN_UNUSED_FUNCTION = YES;
				GCC_WARN_UNUSED_VARIABLE = YES;
				MACOSX_DEPLOYMENT_TARGET = 10.9;
				MTL_ENABLE_DEBUG_INFO = NO;
				SDKROOT = macosx;
			};
			name = Release;
		};
		D949514C1A34D9BC00A5429B /* Debug */ = {
			isa = XCBuildConfiguration;
			buildSettings = {
				PRODUCT_NAME = "$(TARGET_NAME)";
			};
			name = Debug;
		};
		D949514D1A34D9BC00A5429B /* Release */ = {
			isa = XCBuildConfiguration;
			buildSettings = {
				PRODUCT_NAME = "$(TARGET_NAME)";
			};
			name = Release;
		};
/* End XCBuildConfiguration section */

/* Begin XCConfigurationList section */
		D949513F1A34D9BB00A5429B /* Build configuration list for PBXProject "Mastermind" */ = {
			isa = XCConfigurationList;
			buildConfigurations = (
				D94951491A34D9BC00A5429B /* Debug */,
				D949514A1A34D9BC00A5429B /* Release */,
			);
			defaultConfigurationIsVisible = 0;
			defaultConfigurationName = Release;
		};
		D949514B1A34D9BC00A5429B /* Build configuration list for PBXNativeTarget "Mastermind" */ = {
			isa = XCConfigurationList;
			buildConfigurations = (
				D949514C1A34D9BC00A5429B /* Debug */,
				D949514D1A34D9BC00A5429B /* Release */,
			);
			defaultConfigurationIsVisible = 0;
		};
/* End XCConfigurationList section */
	};
	rootObject = D949513C1A34D9BB00A5429B /* Project object */;
}
