// !$*UTF8*$!
{
	archiveVersion = 1;
	classes = {
	};
	objectVersion = 46;
	objects = {

/* Begin PBXBuildFile section */
		D9CBA81119CF250F00FCEF24 /* main.cpp in Sources */ = {isa = PBXBuildFile; fileRef = D9CBA81019CF250F00FCEF24 /* main.cpp */; };
		D9CBA81919CF261E00FCEF24 /* EventDispatcher.cpp in Sources */ = {isa = PBXBuildFile; fileRef = D9CBA81719CF261E00FCEF24 /* EventDispatcher.cpp */; };
/* End PBXBuildFile section */

/* Begin PBXCopyFilesBuildPhase section */
		D9CBA80B19CF250F00FCEF24 /* CopyFiles */ = {
			isa = PBXCopyFilesBuildPhase;
			buildActionMask = 2147483647;
			dstPath = /usr/share/man/man1/;
			dstSubfolderSpec = 0;
			files = (
			);
			runOnlyForDeploymentPostprocessing = 1;
		};
/* End PBXCopyFilesBuildPhase section */

/* Begin PBXFileReference section */
		D9CBA80D19CF250F00FCEF24 /* Event Dispatcher */ = {isa = PBXFileReference; explicitFileType = "compiled.mach-o.executable"; includeInIndex = 0; path = "Event Dispatcher"; sourceTree = BUILT_PRODUCTS_DIR; };
		D9CBA81019CF250F00FCEF24 /* main.cpp */ = {isa = PBXFileReference; lastKnownFileType = sourcecode.cpp.cpp; path = main.cpp; sourceTree = "<group>"; };
		D9CBA81719CF261E00FCEF24 /* EventDispatcher.cpp */ = {isa = PBXFileReference; fileEncoding = 4; lastKnownFileType = sourcecode.cpp.cpp; path = EventDispatcher.cpp; sourceTree = "<group>"; };
		D9CBA81819CF261E00FCEF24 /* EventDispatcher.h */ = {isa = PBXFileReference; fileEncoding = 4; lastKnownFileType = sourcecode.c.h; path = EventDispatcher.h; sourceTree = "<group>"; };
/* End PBXFileReference section */

/* Begin PBXFrameworksBuildPhase section */
		D9CBA80A19CF250F00FCEF24 /* Frameworks */ = {
			isa = PBXFrameworksBuildPhase;
			buildActionMask = 2147483647;
			files = (
			);
			runOnlyForDeploymentPostprocessing = 0;
		};
/* End PBXFrameworksBuildPhase section */

/* Begin PBXGroup section */
		D9CBA80419CF250F00FCEF24 = {
			isa = PBXGroup;
			children = (
				D9CBA80F19CF250F00FCEF24 /* Event Dispatcher */,
				D9CBA80E19CF250F00FCEF24 /* Products */,
			);
			sourceTree = "<group>";
		};
		D9CBA80E19CF250F00FCEF24 /* Products */ = {
			isa = PBXGroup;
			children = (
				D9CBA80D19CF250F00FCEF24 /* Event Dispatcher */,
			);
			name = Products;
			sourceTree = "<group>";
		};
		D9CBA80F19CF250F00FCEF24 /* Event Dispatcher */ = {
			isa = PBXGroup;
			children = (
				D9CBA81019CF250F00FCEF24 /* main.cpp */,
				D9CBA81719CF261E00FCEF24 /* EventDispatcher.cpp */,
				D9CBA81819CF261E00FCEF24 /* EventDispatcher.h */,
			);
			path = "Event Dispatcher";
			sourceTree = "<group>";
		};
/* End PBXGroup section */

/* Begin PBXNativeTarget section */
		D9CBA80C19CF250F00FCEF24 /* Event Dispatcher */ = {
			isa = PBXNativeTarget;
			buildConfigurationList = D9CBA81419CF250F00FCEF24 /* Build configuration list for PBXNativeTarget "Event Dispatcher" */;
			buildPhases = (
				D9CBA80919CF250F00FCEF24 /* Sources */,
				D9CBA80A19CF250F00FCEF24 /* Frameworks */,
				D9CBA80B19CF250F00FCEF24 /* CopyFiles */,
			);
			buildRules = (
			);
			dependencies = (
			);
			name = "Event Dispatcher";
			productName = "Event Dispatcher";
			productReference = D9CBA80D19CF250F00FCEF24 /* Event Dispatcher */;
			productType = "com.apple.product-type.tool";
		};
/* End PBXNativeTarget section */

/* Begin PBXProject section */
		D9CBA80519CF250F00FCEF24 /* Project object */ = {
			isa = PBXProject;
			attributes = {
				LastUpgradeCheck = 0600;
				ORGANIZATIONNAME = "Ryan Bird";
				TargetAttributes = {
					D9CBA80C19CF250F00FCEF24 = {
						CreatedOnToolsVersion = 6.0.1;
					};
				};
			};
			buildConfigurationList = D9CBA80819CF250F00FCEF24 /* Build configuration list for PBXProject "Event Dispatcher" */;
			compatibilityVersion = "Xcode 3.2";
			developmentRegion = English;
			hasScannedForEncodings = 0;
			knownRegions = (
				en,
			);
			mainGroup = D9CBA80419CF250F00FCEF24;
			productRefGroup = D9CBA80E19CF250F00FCEF24 /* Products */;
			projectDirPath = "";
			projectRoot = "";
			targets = (
				D9CBA80C19CF250F00FCEF24 /* Event Dispatcher */,
			);
		};
/* End PBXProject section */

/* Begin PBXSourcesBuildPhase section */
		D9CBA80919CF250F00FCEF24 /* Sources */ = {
			isa = PBXSourcesBuildPhase;
			buildActionMask = 2147483647;
			files = (
				D9CBA81119CF250F00FCEF24 /* main.cpp in Sources */,
				D9CBA81919CF261E00FCEF24 /* EventDispatcher.cpp in Sources */,
			);
			runOnlyForDeploymentPostprocessing = 0;
		};
/* End PBXSourcesBuildPhase section */

/* Begin XCBuildConfiguration section */
		D9CBA81219CF250F00FCEF24 /* Debug */ = {
			isa = XCBuildConfiguration;
			buildSettings = {
				ALWAYS_SEARCH_USER_PATHS = NO;
				CLANG_CXX_LANGUAGE_STANDARD = "gnu++0x";
				CLANG_CXX_LIBRARY = "libc++";
				CLANG_ENABLE_MODULES = YES;
				CLANG_ENABLE_OBJC_ARC = YES;
				CLANG_WARN_BOOL_CONVERSION = YES;
				CLANG_WARN_CONSTANT_CONVERSION = YES;
				CLANG_WARN_DIRECT_OBJC_ISA_USAGE = YES_ERROR;
				CLANG_WARN_EMPTY_BODY = YES;
				CLANG_WARN_ENUM_CONVERSION = YES;
				CLANG_WARN_INT_CONVERSION = YES;
				CLANG_WARN_OBJC_ROOT_CLASS = YES_ERROR;
				CLANG_WARN_UNREACHABLE_CODE = YES;
				CLANG_WARN__DUPLICATE_METHOD_MATCH = YES;
				COPY_PHASE_STRIP = NO;
				ENABLE_STRICT_OBJC_MSGSEND = YES;
				GCC_C_LANGUAGE_STANDARD = gnu99;
				GCC_DYNAMIC_NO_PIC = NO;
				GCC_OPTIMIZATION_LEVEL = 0;
				GCC_PREPROCESSOR_DEFINITIONS = (
					"DEBUG=1",
					"$(inherited)",
				);
				GCC_SYMBOLS_PRIVATE_EXTERN = NO;
				GCC_WARN_64_TO_32_BIT_CONVERSION = YES;
				GCC_WARN_ABOUT_RETURN_TYPE = YES_ERROR;
				GCC_WARN_UNDECLARED_SELECTOR = YES;
				GCC_WARN_UNINITIALIZED_AUTOS = YES_AGGRESSIVE;
				GCC_WARN_UNUSED_FUNCTION = YES;
				GCC_WARN_UNUSED_VARIABLE = YES;
				MACOSX_DEPLOYMENT_TARGET = 10.9;
				MTL_ENABLE_DEBUG_INFO = YES;
				ONLY_ACTIVE_ARCH = YES;
				SDKROOT = macosx;
			};
			name = Debug;
		};
		D9CBA81319CF250F00FCEF24 /* Release */ = {
			isa = XCBuildConfiguration;
			buildSettings = {
				ALWAYS_SEARCH_USER_PATHS = NO;
				CLANG_CXX_LANGUAGE_STANDARD = "gnu++0x";
				CLANG_CXX_LIBRARY = "libc++";
				CLANG_ENABLE_MODULES = YES;
				CLANG_ENABLE_OBJC_ARC = YES;
				CLANG_WARN_BOOL_CONVERSION = YES;
				CLANG_WARN_CONSTANT_CONVERSION = YES;
				CLANG_WARN_DIRECT_OBJC_ISA_USAGE = YES_ERROR;
				CLANG_WARN_EMPTY_BODY = YES;
				CLANG_WARN_ENUM_CONVERSION = YES;
				CLANG_WARN_INT_CONVERSION = YES;
				CLANG_WARN_OBJC_ROOT_CLASS = YES_ERROR;
				CLANG_WARN_UNREACHABLE_CODE = YES;
				CLANG_WARN__DUPLICATE_METHOD_MATCH = YES;
				COPY_PHASE_STRIP = YES;
				DEBUG_INFORMATION_FORMAT = "dwarf-with-dsym";
				ENABLE_NS_ASSERTIONS = NO;
				ENABLE_STRICT_OBJC_MSGSEND = YES;
				GCC_C_LANGUAGE_STANDARD = gnu99;
				GCC_WARN_64_TO_32_BIT_CONVERSION = YES;
				GCC_WARN_ABOUT_RETURN_TYPE = YES_ERROR;
				GCC_WARN_UNDECLARED_SELECTOR = YES;
				GCC_WARN_UNINITIALIZED_AUTOS = YES_AGGRESSIVE;
				GCC_WARN_UNUSED_FUNCTION = YES;
				GCC_WARN_UNUSED_VARIABLE = YES;
				MACOSX_DEPLOYMENT_TARGET = 10.9;
				MTL_ENABLE_DEBUG_INFO = NO;
				SDKROOT = macosx;
			};
			name = Release;
		};
		D9CBA81519CF250F00FCEF24 /* Debug */ = {
			isa = XCBuildConfiguration;
			buildSettings = {
				PRODUCT_NAME = "$(TARGET_NAME)";
			};
			name = Debug;
		};
		D9CBA81619CF250F00FCEF24 /* Release */ = {
			isa = XCBuildConfiguration;
			buildSettings = {
				PRODUCT_NAME = "$(TARGET_NAME)";
			};
			name = Release;
		};
/* End XCBuildConfiguration section */

/* Begin XCConfigurationList section */
		D9CBA80819CF250F00FCEF24 /* Build configuration list for PBXProject "Event Dispatcher" */ = {
			isa = XCConfigurationList;
			buildConfigurations = (
				D9CBA81219CF250F00FCEF24 /* Debug */,
				D9CBA81319CF250F00FCEF24 /* Release */,
			);
			defaultConfigurationIsVisible = 0;
			defaultConfigurationName = Release;
		};
		D9CBA81419CF250F00FCEF24 /* Build configuration list for PBXNativeTarget "Event Dispatcher" */ = {
			isa = XCConfigurationList;
			buildConfigurations = (
				D9CBA81519CF250F00FCEF24 /* Debug */,
				D9CBA81619CF250F00FCEF24 /* Release */,
			);
			defaultConfigurationIsVisible = 0;
		};
/* End XCConfigurationList section */
	};
	rootObject = D9CBA80519CF250F00FCEF24 /* Project object */;
}
