// !$*UTF8*$!
{
	archiveVersion = 1;
	classes = {
	};
	objectVersion = 46;
	objects = {

/* Begin PBXBuildFile section */
		D92F48541A51FB1900A18D39 /* AppDelegate.swift in Sources */ = {isa = PBXBuildFile; fileRef = D92F48531A51FB1900A18D39 /* AppDelegate.swift */; };
		D92F48571A51FB1900A18D39 /* _5_Puzzle_UI.xcdatamodeld in Sources */ = {isa = PBXBuildFile; fileRef = D92F48551A51FB1900A18D39 /* _5_Puzzle_UI.xcdatamodeld */; };
		D92F48591A51FB1900A18D39 /* ViewController.swift in Sources */ = {isa = PBXBuildFile; fileRef = D92F48581A51FB1900A18D39 /* ViewController.swift */; };
		D92F485C1A51FB1A00A18D39 /* Main.storyboard in Resources */ = {isa = PBXBuildFile; fileRef = D92F485A1A51FB1A00A18D39 /* Main.storyboard */; };
		D92F485E1A51FB1A00A18D39 /* Images.xcassets in Resources */ = {isa = PBXBuildFile; fileRef = D92F485D1A51FB1A00A18D39 /* Images.xcassets */; };
		D92F48611A51FB1A00A18D39 /* LaunchScreen.xib in Resources */ = {isa = PBXBuildFile; fileRef = D92F485F1A51FB1A00A18D39 /* LaunchScreen.xib */; };
		D92F486D1A51FB1B00A18D39 /* _5_Puzzle_UITests.swift in Sources */ = {isa = PBXBuildFile; fileRef = D92F486C1A51FB1B00A18D39 /* _5_Puzzle_UITests.swift */; };
/* End PBXBuildFile section */

/* Begin PBXContainerItemProxy section */
		D92F48671A51FB1B00A18D39 /* PBXContainerItemProxy */ = {
			isa = PBXContainerItemProxy;
			containerPortal = D92F48461A51FB1800A18D39 /* Project object */;
			proxyType = 1;
			remoteGlobalIDString = D92F484D1A51FB1900A18D39;
			remoteInfo = "15 Puzzle UI";
		};
/* End PBXContainerItemProxy section */

/* Begin PBXFileReference section */
		D92F484E1A51FB1900A18D39 /* 15 Puzzle UI.app */ = {isa = PBXFileReference; explicitFileType = wrapper.application; includeInIndex = 0; path = "15 Puzzle UI.app"; sourceTree = BUILT_PRODUCTS_DIR; };
		D92F48521A51FB1900A18D39 /* Info.plist */ = {isa = PBXFileReference; lastKnownFileType = text.plist.xml; path = Info.plist; sourceTree = "<group>"; };
		D92F48531A51FB1900A18D39 /* AppDelegate.swift */ = {isa = PBXFileReference; lastKnownFileType = sourcecode.swift; path = AppDelegate.swift; sourceTree = "<group>"; };
		D92F48561A51FB1900A18D39 /* _5_Puzzle_UI.xcdatamodel */ = {isa = PBXFileReference; lastKnownFileType = wrapper.xcdatamodel; path = _5_Puzzle_UI.xcdatamodel; sourceTree = "<group>"; };
		D92F48581A51FB1900A18D39 /* ViewController.swift */ = {isa = PBXFileReference; lastKnownFileType = sourcecode.swift; path = ViewController.swift; sourceTree = "<group>"; };
		D92F485B1A51FB1A00A18D39 /* Base */ = {isa = PBXFileReference; lastKnownFileType = file.storyboard; name = Base; path = Base.lproj/Main.storyboard; sourceTree = "<group>"; };
		D92F485D1A51FB1A00A18D39 /* Images.xcassets */ = {isa = PBXFileReference; lastKnownFileType = folder.assetcatalog; path = Images.xcassets; sourceTree = "<group>"; };
		D92F48601A51FB1A00A18D39 /* Base */ = {isa = PBXFileReference; lastKnownFileType = file.xib; name = Base; path = Base.lproj/LaunchScreen.xib; sourceTree = "<group>"; };
		D92F48661A51FB1B00A18D39 /* 15 Puzzle UITests.xctest */ = {isa = PBXFileReference; explicitFileType = wrapper.cfbundle; includeInIndex = 0; path = "15 Puzzle UITests.xctest"; sourceTree = BUILT_PRODUCTS_DIR; };
		D92F486B1A51FB1B00A18D39 /* Info.plist */ = {isa = PBXFileReference; lastKnownFileType = text.plist.xml; path = Info.plist; sourceTree = "<group>"; };
		D92F486C1A51FB1B00A18D39 /* _5_Puzzle_UITests.swift */ = {isa = PBXFileReference; lastKnownFileType = sourcecode.swift; path = _5_Puzzle_UITests.swift; sourceTree = "<group>"; };
/* End PBXFileReference section */

/* Begin PBXFrameworksBuildPhase section */
		D92F484B1A51FB1900A18D39 /* Frameworks */ = {
			isa = PBXFrameworksBuildPhase;
			buildActionMask = 2147483647;
			files = (
			);
			runOnlyForDeploymentPostprocessing = 0;
		};
		D92F48631A51FB1B00A18D39 /* Frameworks */ = {
			isa = PBXFrameworksBuildPhase;
			buildActionMask = 2147483647;
			files = (
			);
			runOnlyForDeploymentPostprocessing = 0;
		};
/* End PBXFrameworksBuildPhase section */

/* Begin PBXGroup section */
		D92F48451A51FB1800A18D39 = {
			isa = PBXGroup;
			children = (
				D92F48501A51FB1900A18D39 /* 15 Puzzle UI */,
				D92F48691A51FB1B00A18D39 /* 15 Puzzle UITests */,
				D92F484F1A51FB1900A18D39 /* Products */,
			);
			sourceTree = "<group>";
		};
		D92F484F1A51FB1900A18D39 /* Products */ = {
			isa = PBXGroup;
			children = (
				D92F484E1A51FB1900A18D39 /* 15 Puzzle UI.app */,
				D92F48661A51FB1B00A18D39 /* 15 Puzzle UITests.xctest */,
			);
			name = Products;
			sourceTree = "<group>";
		};
		D92F48501A51FB1900A18D39 /* 15 Puzzle UI */ = {
			isa = PBXGroup;
			children = (
				D92F48581A51FB1900A18D39 /* ViewController.swift */,
				D92F485A1A51FB1A00A18D39 /* Main.storyboard */,
				D92F485D1A51FB1A00A18D39 /* Images.xcassets */,
				D92F485F1A51FB1A00A18D39 /* LaunchScreen.xib */,
				D92F48551A51FB1900A18D39 /* _5_Puzzle_UI.xcdatamodeld */,
				D92F48511A51FB1900A18D39 /* Supporting Files */,
			);
			path = "15 Puzzle UI";
			sourceTree = "<group>";
		};
		D92F48511A51FB1900A18D39 /* Supporting Files */ = {
			isa = PBXGroup;
			children = (
				D92F48531A51FB1900A18D39 /* AppDelegate.swift */,
				D92F48521A51FB1900A18D39 /* Info.plist */,
			);
			name = "Supporting Files";
			sourceTree = "<group>";
		};
		D92F48691A51FB1B00A18D39 /* 15 Puzzle UITests */ = {
			isa = PBXGroup;
			children = (
				D92F486C1A51FB1B00A18D39 /* _5_Puzzle_UITests.swift */,
				D92F486A1A51FB1B00A18D39 /* Supporting Files */,
			);
			path = "15 Puzzle UITests";
			sourceTree = "<group>";
		};
		D92F486A1A51FB1B00A18D39 /* Supporting Files */ = {
			isa = PBXGroup;
			children = (
				D92F486B1A51FB1B00A18D39 /* Info.plist */,
			);
			name = "Supporting Files";
			sourceTree = "<group>";
		};
/* End PBXGroup section */

/* Begin PBXNativeTarget section */
		D92F484D1A51FB1900A18D39 /* 15 Puzzle UI */ = {
			isa = PBXNativeTarget;
			buildConfigurationList = D92F48701A51FB1B00A18D39 /* Build configuration list for PBXNativeTarget "15 Puzzle UI" */;
			buildPhases = (
				D92F484A1A51FB1900A18D39 /* Sources */,
				D92F484B1A51FB1900A18D39 /* Frameworks */,
				D92F484C1A51FB1900A18D39 /* Resources */,
			);
			buildRules = (
			);
			dependencies = (
			);
			name = "15 Puzzle UI";
			productName = "15 Puzzle UI";
			productReference = D92F484E1A51FB1900A18D39 /* 15 Puzzle UI.app */;
			productType = "com.apple.product-type.application";
		};
		D92F48651A51FB1B00A18D39 /* 15 Puzzle UITests */ = {
			isa = PBXNativeTarget;
			buildConfigurationList = D92F48731A51FB1B00A18D39 /* Build configuration list for PBXNativeTarget "15 Puzzle UITests" */;
			buildPhases = (
				D92F48621A51FB1B00A18D39 /* Sources */,
				D92F48631A51FB1B00A18D39 /* Frameworks */,
				D92F48641A51FB1B00A18D39 /* Resources */,
			);
			buildRules = (
			);
			dependencies = (
				D92F48681A51FB1B00A18D39 /* PBXTargetDependency */,
			);
			name = "15 Puzzle UITests";
			productName = "15 Puzzle UITests";
			productReference = D92F48661A51FB1B00A18D39 /* 15 Puzzle UITests.xctest */;
			productType = "com.apple.product-type.bundle.unit-test";
		};
/* End PBXNativeTarget section */

/* Begin PBXProject section */
		D92F48461A51FB1800A18D39 /* Project object */ = {
			isa = PBXProject;
			attributes = {
				LastUpgradeCheck = 0610;
				ORGANIZATIONNAME = "Ryan Bird";
				TargetAttributes = {
					D92F484D1A51FB1900A18D39 = {
						CreatedOnToolsVersion = 6.1.1;
					};
					D92F48651A51FB1B00A18D39 = {
						CreatedOnToolsVersion = 6.1.1;
						TestTargetID = D92F484D1A51FB1900A18D39;
					};
				};
			};
			buildConfigurationList = D92F48491A51FB1800A18D39 /* Build configuration list for PBXProject "15 Puzzle UI" */;
			compatibilityVersion = "Xcode 3.2";
			developmentRegion = English;
			hasScannedForEncodings = 0;
			knownRegions = (
				en,
				Base,
			);
			mainGroup = D92F48451A51FB1800A18D39;
			productRefGroup = D92F484F1A51FB1900A18D39 /* Products */;
			projectDirPath = "";
			projectRoot = "";
			targets = (
				D92F484D1A51FB1900A18D39 /* 15 Puzzle UI */,
				D92F48651A51FB1B00A18D39 /* 15 Puzzle UITests */,
			);
		};
/* End PBXProject section */

/* Begin PBXResourcesBuildPhase section */
		D92F484C1A51FB1900A18D39 /* Resources */ = {
			isa = PBXResourcesBuildPhase;
			buildActionMask = 2147483647;
			files = (
				D92F485C1A51FB1A00A18D39 /* Main.storyboard in Resources */,
				D92F48611A51FB1A00A18D39 /* LaunchScreen.xib in Resources */,
				D92F485E1A51FB1A00A18D39 /* Images.xcassets in Resources */,
			);
			runOnlyForDeploymentPostprocessing = 0;
		};
		D92F48641A51FB1B00A18D39 /* Resources */ = {
			isa = PBXResourcesBuildPhase;
			buildActionMask = 2147483647;
			files = (
			);
			runOnlyForDeploymentPostprocessing = 0;
		};
/* End PBXResourcesBuildPhase section */

/* Begin PBXSourcesBuildPhase section */
		D92F484A1A51FB1900A18D39 /* Sources */ = {
			isa = PBXSourcesBuildPhase;
			buildActionMask = 2147483647;
			files = (
				D92F48591A51FB1900A18D39 /* ViewController.swift in Sources */,
				D92F48541A51FB1900A18D39 /* AppDelegate.swift in Sources */,
				D92F48571A51FB1900A18D39 /* _5_Puzzle_UI.xcdatamodeld in Sources */,
			);
			runOnlyForDeploymentPostprocessing = 0;
		};
		D92F48621A51FB1B00A18D39 /* Sources */ = {
			isa = PBXSourcesBuildPhase;
			buildActionMask = 2147483647;
			files = (
				D92F486D1A51FB1B00A18D39 /* _5_Puzzle_UITests.swift in Sources */,
			);
			runOnlyForDeploymentPostprocessing = 0;
		};
/* End PBXSourcesBuildPhase section */

/* Begin PBXTargetDependency section */
		D92F48681A51FB1B00A18D39 /* PBXTargetDependency */ = {
			isa = PBXTargetDependency;
			target = D92F484D1A51FB1900A18D39 /* 15 Puzzle UI */;
			targetProxy = D92F48671A51FB1B00A18D39 /* PBXContainerItemProxy */;
		};
/* End PBXTargetDependency section */

/* Begin PBXVariantGroup section */
		D92F485A1A51FB1A00A18D39 /* Main.storyboard */ = {
			isa = PBXVariantGroup;
			children = (
				D92F485B1A51FB1A00A18D39 /* Base */,
			);
			name = Main.storyboard;
			sourceTree = "<group>";
		};
		D92F485F1A51FB1A00A18D39 /* LaunchScreen.xib */ = {
			isa = PBXVariantGroup;
			children = (
				D92F48601A51FB1A00A18D39 /* Base */,
			);
			name = LaunchScreen.xib;
			sourceTree = "<group>";
		};
/* End PBXVariantGroup section */

/* Begin XCBuildConfiguration section */
		D92F486E1A51FB1B00A18D39 /* Debug */ = {
			isa = XCBuildConfiguration;
			buildSettings = {
				ALWAYS_SEARCH_USER_PATHS = NO;
				CLANG_CXX_LANGUAGE_STANDARD = "gnu++0x";
				CLANG_CXX_LIBRARY = "libc++";
				CLANG_ENABLE_MODULES = YES;
				CLANG_ENABLE_OBJC_ARC = YES;
				CLANG_WARN_BOOL_CONVERSION = YES;
				CLANG_WARN_CONSTANT_CONVERSION = YES;
				CLANG_WARN_DIRECT_OBJC_ISA_USAGE = YES_ERROR;
				CLANG_WARN_EMPTY_BODY = YES;
				CLANG_WARN_ENUM_CONVERSION = YES;
				CLANG_WARN_INT_CONVERSION = YES;
				CLANG_WARN_OBJC_ROOT_CLASS = YES_ERROR;
				CLANG_WARN_UNREACHABLE_CODE = YES;
				CLANG_WARN__DUPLICATE_METHOD_MATCH = YES;
				"CODE_SIGN_IDENTITY[sdk=iphoneos*]" = "iPhone Developer";
				COPY_PHASE_STRIP = NO;
				ENABLE_STRICT_OBJC_MSGSEND = YES;
				GCC_C_LANGUAGE_STANDARD = gnu99;
				GCC_DYNAMIC_NO_PIC = NO;
				GCC_OPTIMIZATION_LEVEL = 0;
				GCC_PREPROCESSOR_DEFINITIONS = (
					"DEBUG=1",
					"$(inherited)",
				);
				GCC_SYMBOLS_PRIVATE_EXTERN = NO;
				GCC_WARN_64_TO_32_BIT_CONVERSION = YES;
				GCC_WARN_ABOUT_RETURN_TYPE = YES_ERROR;
				GCC_WARN_UNDECLARED_SELECTOR = YES;
				GCC_WARN_UNINITIALIZED_AUTOS = YES_AGGRESSIVE;
				GCC_WARN_UNUSED_FUNCTION = YES;
				GCC_WARN_UNUSED_VARIABLE = YES;
				IPHONEOS_DEPLOYMENT_TARGET = 8.1;
				MTL_ENABLE_DEBUG_INFO = YES;
				ONLY_ACTIVE_ARCH = YES;
				SDKROOT = iphoneos;
				SWIFT_OPTIMIZATION_LEVEL = "-Onone";
				TARGETED_DEVICE_FAMILY = "1,2";
			};
			name = Debug;
		};
		D92F486F1A51FB1B00A18D39 /* Release */ = {
			isa = XCBuildConfiguration;
			buildSettings = {
				ALWAYS_SEARCH_USER_PATHS = NO;
				CLANG_CXX_LANGUAGE_STANDARD = "gnu++0x";
				CLANG_CXX_LIBRARY = "libc++";
				CLANG_ENABLE_MODULES = YES;
				CLANG_ENABLE_OBJC_ARC = YES;
				CLANG_WARN_BOOL_CONVERSION = YES;
				CLANG_WARN_CONSTANT_CONVERSION = YES;
				CLANG_WARN_DIRECT_OBJC_ISA_USAGE = YES_ERROR;
				CLANG_WARN_EMPTY_BODY = YES;
				CLANG_WARN_ENUM_CONVERSION = YES;
				CLANG_WARN_INT_CONVERSION = YES;
				CLANG_WARN_OBJC_ROOT_CLASS = YES_ERROR;
				CLANG_WARN_UNREACHABLE_CODE = YES;
				CLANG_WARN__DUPLICATE_METHOD_MATCH = YES;
				"CODE_SIGN_IDENTITY[sdk=iphoneos*]" = "iPhone Developer";
				COPY_PHASE_STRIP = YES;
				ENABLE_NS_ASSERTIONS = NO;
				ENABLE_STRICT_OBJC_MSGSEND = YES;
				GCC_C_LANGUAGE_STANDARD = gnu99;
				GCC_WARN_64_TO_32_BIT_CONVERSION = YES;
				GCC_WARN_ABOUT_RETURN_TYPE = YES_ERROR;
				GCC_WARN_UNDECLARED_SELECTOR = YES;
				GCC_WARN_UNINITIALIZED_AUTOS = YES_AGGRESSIVE;
				GCC_WARN_UNUSED_FUNCTION = YES;
				GCC_WARN_UNUSED_VARIABLE = YES;
				IPHONEOS_DEPLOYMENT_TARGET = 8.1;
				MTL_ENABLE_DEBUG_INFO = NO;
				SDKROOT = iphoneos;
				TARGETED_DEVICE_FAMILY = "1,2";
				VALIDATE_PRODUCT = YES;
			};
			name = Release;
		};
		D92F48711A51FB1B00A18D39 /* Debug */ = {
			isa = XCBuildConfiguration;
			buildSettings = {
				ASSETCATALOG_COMPILER_APPICON_NAME = AppIcon;
				INFOPLIST_FILE = "15 Puzzle UI/Info.plist";
				LD_RUNPATH_SEARCH_PATHS = "$(inherited) @executable_path/Frameworks";
				PRODUCT_NAME = "$(TARGET_NAME)";
			};
			name = Debug;
		};
		D92F48721A51FB1B00A18D39 /* Release */ = {
			isa = XCBuildConfiguration;
			buildSettings = {
				ASSETCATALOG_COMPILER_APPICON_NAME = AppIcon;
				INFOPLIST_FILE = "15 Puzzle UI/Info.plist";
				LD_RUNPATH_SEARCH_PATHS = "$(inherited) @executable_path/Frameworks";
				PRODUCT_NAME = "$(TARGET_NAME)";
			};
			name = Release;
		};
		D92F48741A51FB1B00A18D39 /* Debug */ = {
			isa = XCBuildConfiguration;
			buildSettings = {
				BUNDLE_LOADER = "$(TEST_HOST)";
				FRAMEWORK_SEARCH_PATHS = (
					"$(SDKROOT)/Developer/Library/Frameworks",
					"$(inherited)",
				);
				GCC_PREPROCESSOR_DEFINITIONS = (
					"DEBUG=1",
					"$(inherited)",
				);
				INFOPLIST_FILE = "15 Puzzle UITests/Info.plist";
				LD_RUNPATH_SEARCH_PATHS = "$(inherited) @executable_path/Frameworks @loader_path/Frameworks";
				PRODUCT_NAME = "$(TARGET_NAME)";
				TEST_HOST = "$(BUILT_PRODUCTS_DIR)/15 Puzzle UI.app/15 Puzzle UI";
			};
			name = Debug;
		};
		D92F48751A51FB1B00A18D39 /* Release */ = {
			isa = XCBuildConfiguration;
			buildSettings = {
				BUNDLE_LOADER = "$(TEST_HOST)";
				FRAMEWORK_SEARCH_PATHS = (
					"$(SDKROOT)/Developer/Library/Frameworks",
					"$(inherited)",
				);
				INFOPLIST_FILE = "15 Puzzle UITests/Info.plist";
				LD_RUNPATH_SEARCH_PATHS = "$(inherited) @executable_path/Frameworks @loader_path/Frameworks";
				PRODUCT_NAME = "$(TARGET_NAME)";
				TEST_HOST = "$(BUILT_PRODUCTS_DIR)/15 Puzzle UI.app/15 Puzzle UI";
			};
			name = Release;
		};
/* End XCBuildConfiguration section */

/* Begin XCConfigurationList section */
		D92F48491A51FB1800A18D39 /* Build configuration list for PBXProject "15 Puzzle UI" */ = {
			isa = XCConfigurationList;
			buildConfigurations = (
				D92F486E1A51FB1B00A18D39 /* Debug */,
				D92F486F1A51FB1B00A18D39 /* Release */,
			);
			defaultConfigurationIsVisible = 0;
			defaultConfigurationName = Release;
		};
		D92F48701A51FB1B00A18D39 /* Build configuration list for PBXNativeTarget "15 Puzzle UI" */ = {
			isa = XCConfigurationList;
			buildConfigurations = (
				D92F48711A51FB1B00A18D39 /* Debug */,
				D92F48721A51FB1B00A18D39 /* Release */,
			);
			defaultConfigurationIsVisible = 0;
		};
		D92F48731A51FB1B00A18D39 /* Build configuration list for PBXNativeTarget "15 Puzzle UITests" */ = {
			isa = XCConfigurationList;
			buildConfigurations = (
				D92F48741A51FB1B00A18D39 /* Debug */,
				D92F48751A51FB1B00A18D39 /* Release */,
			);
			defaultConfigurationIsVisible = 0;
		};
/* End XCConfigurationList section */

/* Begin XCVersionGroup section */
		D92F48551A51FB1900A18D39 /* _5_Puzzle_UI.xcdatamodeld */ = {
			isa = XCVersionGroup;
			children = (
				D92F48561A51FB1900A18D39 /* _5_Puzzle_UI.xcdatamodel */,
			);
			currentVersion = D92F48561A51FB1900A18D39 /* _5_Puzzle_UI.xcdatamodel */;
			path = _5_Puzzle_UI.xcdatamodeld;
			sourceTree = "<group>";
			versionGroupType = wrapper.xcdatamodel;
		};
/* End XCVersionGroup section */
	};
	rootObject = D92F48461A51FB1800A18D39 /* Project object */;
}
